// !$*UTF8*$!
{
	archiveVersion = 1;
	classes = {
	};
	objectVersion = 46;
	objects = {

/* Begin PBXBuildFile section */
		06795542199A14F000477408 /* Foundation.framework in Frameworks */ = {isa = PBXBuildFile; fileRef = 06795541199A14F000477408 /* Foundation.framework */; };
		06795544199A14F000477408 /* CoreGraphics.framework in Frameworks */ = {isa = PBXBuildFile; fileRef = 06795543199A14F000477408 /* CoreGraphics.framework */; };
		06795546199A14F100477408 /* UIKit.framework in Frameworks */ = {isa = PBXBuildFile; fileRef = 06795545199A14F100477408 /* UIKit.framework */; };
		0679554C199A14F100477408 /* InfoPlist.strings in Resources */ = {isa = PBXBuildFile; fileRef = 0679554A199A14F100477408 /* InfoPlist.strings */; };
		0679554E199A14F100477408 /* main.m in Sources */ = {isa = PBXBuildFile; fileRef = 0679554D199A14F100477408 /* main.m */; };
		06795552199A14F100477408 /* AppDelegate.m in Sources */ = {isa = PBXBuildFile; fileRef = 06795551199A14F100477408 /* AppDelegate.m */; };
		06795555199A14F100477408 /* Main.storyboard in Resources */ = {isa = PBXBuildFile; fileRef = 06795553199A14F100477408 /* Main.storyboard */; };
		06795558199A14F100477408 /* MasterViewController.m in Sources */ = {isa = PBXBuildFile; fileRef = 06795557199A14F100477408 /* MasterViewController.m */; };
		0679555B199A14F100477408 /* DetailViewController.m in Sources */ = {isa = PBXBuildFile; fileRef = 0679555A199A14F100477408 /* DetailViewController.m */; };
		0679555D199A14F100477408 /* Images.xcassets in Resources */ = {isa = PBXBuildFile; fileRef = 0679555C199A14F100477408 /* Images.xcassets */; };
		06795564199A14F100477408 /* XCTest.framework in Frameworks */ = {isa = PBXBuildFile; fileRef = 06795563199A14F100477408 /* XCTest.framework */; };
		06795565199A14F100477408 /* Foundation.framework in Frameworks */ = {isa = PBXBuildFile; fileRef = 06795541199A14F000477408 /* Foundation.framework */; };
		06795566199A14F100477408 /* UIKit.framework in Frameworks */ = {isa = PBXBuildFile; fileRef = 06795545199A14F100477408 /* UIKit.framework */; };
		0679556E199A14F100477408 /* InfoPlist.strings in Resources */ = {isa = PBXBuildFile; fileRef = 0679556C199A14F100477408 /* InfoPlist.strings */; };
		06795570199A14F100477408 /* jjhjjhjTests.m in Sources */ = {isa = PBXBuildFile; fileRef = 0679556F199A14F100477408 /* jjhjjhjTests.m */; };
/* End PBXBuildFile section */

/* Begin PBXContainerItemProxy section */
		06795567199A14F100477408 /* PBXContainerItemProxy */ = {
			isa = PBXContainerItemProxy;
			containerPortal = 06795536199A14F000477408 /* Project object */;
			proxyType = 1;
			remoteGlobalIDString = 0679553D199A14F000477408;
			remoteInfo = jjhjjhj;
		};
/* End PBXContainerItemProxy section */

/* Begin PBXFileReference section */
		0679553E199A14F000477408 /* jjhjjhj.app */ = {isa = PBXFileReference; explicitFileType = wrapper.application; includeInIndex = 0; path = jjhjjhj.app; sourceTree = BUILT_PRODUCTS_DIR; };
		06795541199A14F000477408 /* Foundation.framework */ = {isa = PBXFileReference; lastKnownFileType = wrapper.framework; name = Foundation.framework; path = System/Library/Frameworks/Foundation.framework; sourceTree = SDKROOT; };
		06795543199A14F000477408 /* CoreGraphics.framework */ = {isa = PBXFileReference; lastKnownFileType = wrapper.framework; name = CoreGraphics.framework; path = System/Library/Frameworks/CoreGraphics.framework; sourceTree = SDKROOT; };
		06795545199A14F100477408 /* UIKit.framework */ = {isa = PBXFileReference; lastKnownFileType = wrapper.framework; name = UIKit.framework; path = System/Library/Frameworks/UIKit.framework; sourceTree = SDKROOT; };
		06795549199A14F100477408 /* jjhjjhj-Info.plist */ = {isa = PBXFileReference; lastKnownFileType = text.plist.xml; path = "jjhjjhj-Info.plist"; sourceTree = "<group>"; };
		0679554B199A14F100477408 /* en */ = {isa = PBXFileReference; lastKnownFileType = text.plist.strings; name = en; path = en.lproj/InfoPlist.strings; sourceTree = "<group>"; };
		0679554D199A14F100477408 /* main.m */ = {isa = PBXFileReference; lastKnownFileType = sourcecode.c.objc; path = main.m; sourceTree = "<group>"; };
		0679554F199A14F100477408 /* jjhjjhj-Prefix.pch */ = {isa = PBXFileReference; lastKnownFileType = sourcecode.c.h; path = "jjhjjhj-Prefix.pch"; sourceTree = "<group>"; };
		06795550199A14F100477408 /* AppDelegate.h */ = {isa = PBXFileReference; lastKnownFileType = sourcecode.c.h; path = AppDelegate.h; sourceTree = "<group>"; };
		06795551199A14F100477408 /* AppDelegate.m */ = {isa = PBXFileReference; lastKnownFileType = sourcecode.c.objc; path = AppDelegate.m; sourceTree = "<group>"; };
		06795554199A14F100477408 /* Base */ = {isa = PBXFileReference; lastKnownFileType = file.storyboard; name = Base; path = Base.lproj/Main.storyboard; sourceTree = "<group>"; };
		06795556199A14F100477408 /* MasterViewController.h */ = {isa = PBXFileReference; lastKnownFileType = sourcecode.c.h; path = MasterViewController.h; sourceTree = "<group>"; };
		06795557199A14F100477408 /* MasterViewController.m */ = {isa = PBXFileReference; lastKnownFileType = sourcecode.c.objc; path = MasterViewController.m; sourceTree = "<group>"; };
		06795559199A14F100477408 /* DetailViewController.h */ = {isa = PBXFileReference; lastKnownFileType = sourcecode.c.h; path = DetailViewController.h; sourceTree = "<group>"; };
		0679555A199A14F100477408 /* DetailViewController.m */ = {isa = PBXFileReference; lastKnownFileType = sourcecode.c.objc; path = DetailViewController.m; sourceTree = "<group>"; };
		0679555C199A14F100477408 /* Images.xcassets */ = {isa = PBXFileReference; lastKnownFileType = folder.assetcatalog; path = Images.xcassets; sourceTree = "<group>"; };
		06795562199A14F100477408 /* jjhjjhjTests.xctest */ = {isa = PBXFileReference; explicitFileType = wrapper.cfbundle; includeInIndex = 0; path = jjhjjhjTests.xctest; sourceTree = BUILT_PRODUCTS_DIR; };
		06795563199A14F100477408 /* XCTest.framework */ = {isa = PBXFileReference; lastKnownFileType = wrapper.framework; name = XCTest.framework; path = Library/Frameworks/XCTest.framework; sourceTree = DEVELOPER_DIR; };
		0679556B199A14F100477408 /* jjhjjhjTests-Info.plist */ = {isa = PBXFileReference; lastKnownFileType = text.plist.xml; path = "jjhjjhjTests-Info.plist"; sourceTree = "<group>"; };
		0679556D199A14F100477408 /* en */ = {isa = PBXFileReference; lastKnownFileType = text.plist.strings; name = en; path = en.lproj/InfoPlist.strings; sourceTree = "<group>"; };
		0679556F199A14F100477408 /* jjhjjhjTests.m */ = {isa = PBXFileReference; lastKnownFileType = sourcecode.c.objc; path = jjhjjhjTests.m; sourceTree = "<group>"; };
/* End PBXFileReference section */

/* Begin PBXFrameworksBuildPhase section */
		0679553B199A14F000477408 /* Frameworks */ = {
			isa = PBXFrameworksBuildPhase;
			buildActionMask = 2147483647;
			files = (
				06795544199A14F000477408 /* CoreGraphics.framework in Frameworks */,
				06795546199A14F100477408 /* UIKit.framework in Frameworks */,
				06795542199A14F000477408 /* Foundation.framework in Frameworks */,
			);
			runOnlyForDeploymentPostprocessing = 0;
		};
		0679555F199A14F100477408 /* Frameworks */ = {
			isa = PBXFrameworksBuildPhase;
			buildActionMask = 2147483647;
			files = (
				06795564199A14F100477408 /* XCTest.framework in Frameworks */,
				06795566199A14F100477408 /* UIKit.framework in Frameworks */,
				06795565199A14F100477408 /* Foundation.framework in Frameworks */,
			);
			runOnlyForDeploymentPostprocessing = 0;
		};
/* End PBXFrameworksBuildPhase section */

/* Begin PBXGroup section */
		06795535199A14F000477408 = {
			isa = PBXGroup;
			children = (
				06795547199A14F100477408 /* jjhjjhj */,
				06795569199A14F100477408 /* jjhjjhjTests */,
				06795540199A14F000477408 /* Frameworks */,
				0679553F199A14F000477408 /* Products */,
			);
			sourceTree = "<group>";
		};
		0679553F199A14F000477408 /* Products */ = {
			isa = PBXGroup;
			children = (
				0679553E199A14F000477408 /* jjhjjhj.app */,
				06795562199A14F100477408 /* jjhjjhjTests.xctest */,
			);
			name = Products;
			sourceTree = "<group>";
		};
		06795540199A14F000477408 /* Frameworks */ = {
			isa = PBXGroup;
			children = (
				06795541199A14F000477408 /* Foundation.framework */,
				06795543199A14F000477408 /* CoreGraphics.framework */,
				06795545199A14F100477408 /* UIKit.framework */,
				06795563199A14F100477408 /* XCTest.framework */,
			);
			name = Frameworks;
			sourceTree = "<group>";
		};
		06795547199A14F100477408 /* jjhjjhj */ = {
			isa = PBXGroup;
			children = (
				06795550199A14F100477408 /* AppDelegate.h */,
				06795551199A14F100477408 /* AppDelegate.m */,
				06795553199A14F100477408 /* Main.storyboard */,
				06795556199A14F100477408 /* MasterViewController.h */,
				06795557199A14F100477408 /* MasterViewController.m */,
				06795559199A14F100477408 /* DetailViewController.h */,
				0679555A199A14F100477408 /* DetailViewController.m */,
				0679555C199A14F100477408 /* Images.xcassets */,
				06795548199A14F100477408 /* Supporting Files */,
			);
			path = jjhjjhj;
			sourceTree = "<group>";
		};
		06795548199A14F100477408 /* Supporting Files */ = {
			isa = PBXGroup;
			children = (
				06795549199A14F100477408 /* jjhjjhj-Info.plist */,
				0679554A199A14F100477408 /* InfoPlist.strings */,
				0679554D199A14F100477408 /* main.m */,
				0679554F199A14F100477408 /* jjhjjhj-Prefix.pch */,
			);
			name = "Supporting Files";
			sourceTree = "<group>";
		};
		06795569199A14F100477408 /* jjhjjhjTests */ = {
			isa = PBXGroup;
			children = (
				0679556F199A14F100477408 /* jjhjjhjTests.m */,
				0679556A199A14F100477408 /* Supporting Files */,
			);
			path = jjhjjhjTests;
			sourceTree = "<group>";
		};
		0679556A199A14F100477408 /* Supporting Files */ = {
			isa = PBXGroup;
			children = (
				0679556B199A14F100477408 /* jjhjjhjTests-Info.plist */,
				0679556C199A14F100477408 /* InfoPlist.strings */,
			);
			name = "Supporting Files";
			sourceTree = "<group>";
		};
/* End PBXGroup section */

/* Begin PBXNativeTarget section */
		0679553D199A14F000477408 /* jjhjjhj */ = {
			isa = PBXNativeTarget;
			buildConfigurationList = 06795573199A14F100477408 /* Build configuration list for PBXNativeTarget "jjhjjhj" */;
			buildPhases = (
				0679553A199A14F000477408 /* Sources */,
				0679553B199A14F000477408 /* Frameworks */,
				0679553C199A14F000477408 /* Resources */,
			);
			buildRules = (
			);
			dependencies = (
			);
			name = jjhjjhj;
			productName = jjhjjhj;
			productReference = 0679553E199A14F000477408 /* jjhjjhj.app */;
			productType = "com.apple.product-type.application";
		};
		06795561199A14F100477408 /* jjhjjhjTests */ = {
			isa = PBXNativeTarget;
			buildConfigurationList = 06795576199A14F100477408 /* Build configuration list for PBXNativeTarget "jjhjjhjTests" */;
			buildPhases = (
				0679555E199A14F100477408 /* Sources */,
				0679555F199A14F100477408 /* Frameworks */,
				06795560199A14F100477408 /* Resources */,
			);
			buildRules = (
			);
			dependencies = (
				06795568199A14F100477408 /* PBXTargetDependency */,
			);
			name = jjhjjhjTests;
			productName = jjhjjhjTests;
			productReference = 06795562199A14F100477408 /* jjhjjhjTests.xctest */;
			productType = "com.apple.product-type.bundle.unit-test";
		};
/* End PBXNativeTarget section */

/* Begin PBXProject section */
		06795536199A14F000477408 /* Project object */ = {
			isa = PBXProject;
			attributes = {
				LastUpgradeCheck = 0510;
				ORGANIZATIONNAME = WooGenius;
				TargetAttributes = {
					06795561199A14F100477408 = {
						TestTargetID = 0679553D199A14F000477408;
					};
				};
			};
			buildConfigurationList = 06795539199A14F000477408 /* Build configuration list for PBXProject "jjhjjhj" */;
			compatibilityVersion = "Xcode 3.2";
			developmentRegion = English;
			hasScannedForEncodings = 0;
			knownRegions = (
				en,
				Base,
			);
			mainGroup = 06795535199A14F000477408;
			productRefGroup = 0679553F199A14F000477408 /* Products */;
			projectDirPath = "";
			projectRoot = "";
			targets = (
				0679553D199A14F000477408 /* jjhjjhj */,
				06795561199A14F100477408 /* jjhjjhjTests */,
			);
		};
/* End PBXProject section */

/* Begin PBXResourcesBuildPhase section */
		0679553C199A14F000477408 /* Resources */ = {
			isa = PBXResourcesBuildPhase;
			buildActionMask = 2147483647;
			files = (
				0679555D199A14F100477408 /* Images.xcassets in Resources */,
				0679554C199A14F100477408 /* InfoPlist.strings in Resources */,
				06795555199A14F100477408 /* Main.storyboard in Resources */,
			);
			runOnlyForDeploymentPostprocessing = 0;
		};
		06795560199A14F100477408 /* Resources */ = {
			isa = PBXResourcesBuildPhase;
			buildActionMask = 2147483647;
			files = (
				0679556E199A14F100477408 /* InfoPlist.strings in Resources */,
			);
			runOnlyForDeploymentPostprocessing = 0;
		};
/* End PBXResourcesBuildPhase section */

/* Begin PBXSourcesBuildPhase section */
		0679553A199A14F000477408 /* Sources */ = {
			isa = PBXSourcesBuildPhase;
			buildActionMask = 2147483647;
			files = (
				06795552199A14F100477408 /* AppDelegate.m in Sources */,
				06795558199A14F100477408 /* MasterViewController.m in Sources */,
				0679554E199A14F100477408 /* main.m in Sources */,
				0679555B199A14F100477408 /* DetailViewController.m in Sources */,
			);
			runOnlyForDeploymentPostprocessing = 0;
		};
		0679555E199A14F100477408 /* Sources */ = {
			isa = PBXSourcesBuildPhase;
			buildActionMask = 2147483647;
			files = (
				06795570199A14F100477408 /* jjhjjhjTests.m in Sources */,
			);
			runOnlyForDeploymentPostprocessing = 0;
		};
/* End PBXSourcesBuildPhase section */

/* Begin PBXTargetDependency section */
		06795568199A14F100477408 /* PBXTargetDependency */ = {
			isa = PBXTargetDependency;
			target = 0679553D199A14F000477408 /* jjhjjhj */;
			targetProxy = 06795567199A14F100477408 /* PBXContainerItemProxy */;
		};
/* End PBXTargetDependency section */

/* Begin PBXVariantGroup section */
		0679554A199A14F100477408 /* InfoPlist.strings */ = {
			isa = PBXVariantGroup;
			children = (
				0679554B199A14F100477408 /* en */,
			);
			name = InfoPlist.strings;
			sourceTree = "<group>";
		};
		06795553199A14F100477408 /* Main.storyboard */ = {
			isa = PBXVariantGroup;
			children = (
				06795554199A14F100477408 /* Base */,
			);
			name = Main.storyboard;
			sourceTree = "<group>";
		};
		0679556C199A14F100477408 /* InfoPlist.strings */ = {
			isa = PBXVariantGroup;
			children = (
				0679556D199A14F100477408 /* en */,
			);
			name = InfoPlist.strings;
			sourceTree = "<group>";
		};
/* End PBXVariantGroup section */

/* Begin XCBuildConfiguration section */
		06795571199A14F100477408 /* Debug */ = {
			isa = XCBuildConfiguration;
			buildSettings = {
				ALWAYS_SEARCH_USER_PATHS = NO;
				CLANG_CXX_LANGUAGE_STANDARD = "gnu++0x";
				CLANG_CXX_LIBRARY = "libc++";
				CLANG_ENABLE_MODULES = YES;
				CLANG_ENABLE_OBJC_ARC = YES;
				CLANG_WARN_BOOL_CONVERSION = YES;
				CLANG_WARN_CONSTANT_CONVERSION = YES;
				CLANG_WARN_DIRECT_OBJC_ISA_USAGE = YES_ERROR;
				CLANG_WARN_EMPTY_BODY = YES;
				CLANG_WARN_ENUM_CONVERSION = YES;
				CLANG_WARN_INT_CONVERSION = YES;
				CLANG_WARN_OBJC_ROOT_CLASS = YES_ERROR;
				CLANG_WARN__DUPLICATE_METHOD_MATCH = YES;
				"CODE_SIGN_IDENTITY[sdk=iphoneos*]" = "iPhone Developer";
				COPY_PHASE_STRIP = NO;
				GCC_C_LANGUAGE_STANDARD = gnu99;
				GCC_DYNAMIC_NO_PIC = NO;
				GCC_OPTIMIZATION_LEVEL = 0;
				GCC_PREPROCESSOR_DEFINITIONS = (
					"DEBUG=1",
					"$(inherited)",
				);
				GCC_SYMBOLS_PRIVATE_EXTERN = NO;
				GCC_WARN_64_TO_32_BIT_CONVERSION = YES;
				GCC_WARN_ABOUT_RETURN_TYPE = YES_ERROR;
				GCC_WARN_UNDECLARED_SELECTOR = YES;
				GCC_WARN_UNINITIALIZED_AUTOS = YES_AGGRESSIVE;
				GCC_WARN_UNUSED_FUNCTION = YES;
				GCC_WARN_UNUSED_VARIABLE = YES;
				IPHONEOS_DEPLOYMENT_TARGET = 7.1;
				ONLY_ACTIVE_ARCH = YES;
				SDKROOT = iphoneos;
			};
			name = Debug;
		};
		06795572199A14F100477408 /* Release */ = {
			isa = XCBuildConfiguration;
			buildSettings = {
				ALWAYS_SEARCH_USER_PATHS = NO;
				CLANG_CXX_LANGUAGE_STANDARD = "gnu++0x";
				CLANG_CXX_LIBRARY = "libc++";
				CLANG_ENABLE_MODULES = YES;
				CLANG_ENABLE_OBJC_ARC = YES;
				CLANG_WARN_BOOL_CONVERSION = YES;
				CLANG_WARN_CONSTANT_CONVERSION = YES;
				CLANG_WARN_DIRECT_OBJC_ISA_USAGE = YES_ERROR;
				CLANG_WARN_EMPTY_BODY = YES;
				CLANG_WARN_ENUM_CONVERSION = YES;
				CLANG_WARN_INT_CONVERSION = YES;
				CLANG_WARN_OBJC_ROOT_CLASS = YES_ERROR;
				CLANG_WARN__DUPLICATE_METHOD_MATCH = YES;
				"CODE_SIGN_IDENTITY[sdk=iphoneos*]" = "iPhone Developer";
				COPY_PHASE_STRIP = YES;
				ENABLE_NS_ASSERTIONS = NO;
				GCC_C_LANGUAGE_STANDARD = gnu99;
				GCC_WARN_64_TO_32_BIT_CONVERSION = YES;
				GCC_WARN_ABOUT_RETURN_TYPE = YES_ERROR;
				GCC_WARN_UNDECLARED_SELECTOR = YES;
				GCC_WARN_UNINITIALIZED_AUTOS = YES_AGGRESSIVE;
				GCC_WARN_UNUSED_FUNCTION = YES;
				GCC_WARN_UNUSED_VARIABLE = YES;
				IPHONEOS_DEPLOYMENT_TARGET = 7.1;
				SDKROOT = iphoneos;
				VALIDATE_PRODUCT = YES;
			};
			name = Release;
		};
		06795574199A14F100477408 /* Debug */ = {
			isa = XCBuildConfiguration;
			buildSettings = {
				ASSETCATALOG_COMPILER_APPICON_NAME = AppIcon;
				ASSETCATALOG_COMPILER_LAUNCHIMAGE_NAME = LaunchImage;
				GCC_PRECOMPILE_PREFIX_HEADER = YES;
				GCC_PREFIX_HEADER = "jjhjjhj/jjhjjhj-Prefix.pch";
				INFOPLIST_FILE = "jjhjjhj/jjhjjhj-Info.plist";
				PRODUCT_NAME = "$(TARGET_NAME)";
				WRAPPER_EXTENSION = app;
			};
			name = Debug;
		};
		06795575199A14F100477408 /* Release */ = {
			isa = XCBuildConfiguration;
			buildSettings = {
				ASSETCATALOG_COMPILER_APPICON_NAME = AppIcon;
				ASSETCATALOG_COMPILER_LAUNCHIMAGE_NAME = LaunchImage;
				GCC_PRECOMPILE_PREFIX_HEADER = YES;
				GCC_PREFIX_HEADER = "jjhjjhj/jjhjjhj-Prefix.pch";
				INFOPLIST_FILE = "jjhjjhj/jjhjjhj-Info.plist";
				PRODUCT_NAME = "$(TARGET_NAME)";
				WRAPPER_EXTENSION = app;
			};
			name = Release;
		};
		06795577199A14F100477408 /* Debug */ = {
			isa = XCBuildConfiguration;
			buildSettings = {
				BUNDLE_LOADER = "$(BUILT_PRODUCTS_DIR)/jjhjjhj.app/jjhjjhj";
				FRAMEWORK_SEARCH_PATHS = (
					"$(SDKROOT)/Developer/Library/Frameworks",
					"$(inherited)",
					"$(DEVELOPER_FRAMEWORKS_DIR)",
				);
				GCC_PRECOMPILE_PREFIX_HEADER = YES;
				GCC_PREFIX_HEADER = "jjhjjhj/jjhjjhj-Prefix.pch";
				GCC_PREPROCESSOR_DEFINITIONS = (
					"DEBUG=1",
					"$(inherited)",
				);
				INFOPLIST_FILE = "jjhjjhjTests/jjhjjhjTests-Info.plist";
				PRODUCT_NAME = "$(TARGET_NAME)";
				TEST_HOST = "$(BUNDLE_LOADER)";
				WRAPPER_EXTENSION = xctest;
			};
			name = Debug;
		};
		06795578199A14F100477408 /* Release */ = {
			isa = XCBuildConfiguration;
			buildSettings = {
				BUNDLE_LOADER = "$(BUILT_PRODUCTS_DIR)/jjhjjhj.app/jjhjjhj";
				FRAMEWORK_SEARCH_PATHS = (
					"$(SDKROOT)/Developer/Library/Frameworks",
					"$(inherited)",
					"$(DEVELOPER_FRAMEWORKS_DIR)",
				);
				GCC_PRECOMPILE_PREFIX_HEADER = YES;
				GCC_PREFIX_HEADER = "jjhjjhj/jjhjjhj-Prefix.pch";
				INFOPLIST_FILE = "jjhjjhjTests/jjhjjhjTests-Info.plist";
				PRODUCT_NAME = "$(TARGET_NAME)";
				TEST_HOST = "$(BUNDLE_LOADER)";
				WRAPPER_EXTENSION = xctest;
			};
			name = Release;
		};
/* End XCBuildConfiguration section */

/* Begin XCConfigurationList section */
		06795539199A14F000477408 /* Build configuration list for PBXProject "jjhjjhj" */ = {
			isa = XCConfigurationList;
			buildConfigurations = (
				06795571199A14F100477408 /* Debug */,
				06795572199A14F100477408 /* Release */,
			);
			defaultConfigurationIsVisible = 0;
			defaultConfigurationName = Release;
		};
		06795573199A14F100477408 /* Build configuration list for PBXNativeTarget "jjhjjhj" */ = {
			isa = XCConfigurationList;
			buildConfigurations = (
				06795574199A14F100477408 /* Debug */,
				06795575199A14F100477408 /* Release */,
			);
			defaultConfigurationIsVisible = 0;
		};
		06795576199A14F100477408 /* Build configuration list for PBXNativeTarget "jjhjjhjTests" */ = {
			isa = XCConfigurationList;
			buildConfigurations = (
				06795577199A14F100477408 /* Debug */,
				06795578199A14F100477408 /* Release */,
			);
			defaultConfigurationIsVisible = 0;
		};
/* End XCConfigurationList section */
	};
	rootObject = 06795536199A14F000477408 /* Project object */;
}
