// !$*UTF8*$!
{
	archiveVersion = 1;
	classes = {
	};
	objectVersion = 46;
	objects = {

/* Begin PBXBuildFile section */
		0680275F19B4BE71007D2297 /* Foundation.framework in Frameworks */ = {isa = PBXBuildFile; fileRef = 0680275E19B4BE71007D2297 /* Foundation.framework */; };
		0680276119B4BE71007D2297 /* CoreGraphics.framework in Frameworks */ = {isa = PBXBuildFile; fileRef = 0680276019B4BE71007D2297 /* CoreGraphics.framework */; };
		0680276319B4BE71007D2297 /* UIKit.framework in Frameworks */ = {isa = PBXBuildFile; fileRef = 0680276219B4BE71007D2297 /* UIKit.framework */; };
		0680276919B4BE71007D2297 /* InfoPlist.strings in Resources */ = {isa = PBXBuildFile; fileRef = 0680276719B4BE71007D2297 /* InfoPlist.strings */; };
		0680276B19B4BE71007D2297 /* main.m in Sources */ = {isa = PBXBuildFile; fileRef = 0680276A19B4BE71007D2297 /* main.m */; };
		0680276F19B4BE71007D2297 /* AppDelegate.m in Sources */ = {isa = PBXBuildFile; fileRef = 0680276E19B4BE71007D2297 /* AppDelegate.m */; };
		0680277219B4BE71007D2297 /* Main.storyboard in Resources */ = {isa = PBXBuildFile; fileRef = 0680277019B4BE71007D2297 /* Main.storyboard */; };
		0680277519B4BE71007D2297 /* ViewController.m in Sources */ = {isa = PBXBuildFile; fileRef = 0680277419B4BE71007D2297 /* ViewController.m */; };
		0680277719B4BE71007D2297 /* Images.xcassets in Resources */ = {isa = PBXBuildFile; fileRef = 0680277619B4BE71007D2297 /* Images.xcassets */; };
		0680277E19B4BE71007D2297 /* XCTest.framework in Frameworks */ = {isa = PBXBuildFile; fileRef = 0680277D19B4BE71007D2297 /* XCTest.framework */; };
		0680277F19B4BE71007D2297 /* Foundation.framework in Frameworks */ = {isa = PBXBuildFile; fileRef = 0680275E19B4BE71007D2297 /* Foundation.framework */; };
		0680278019B4BE71007D2297 /* UIKit.framework in Frameworks */ = {isa = PBXBuildFile; fileRef = 0680276219B4BE71007D2297 /* UIKit.framework */; };
		0680278819B4BE71007D2297 /* InfoPlist.strings in Resources */ = {isa = PBXBuildFile; fileRef = 0680278619B4BE71007D2297 /* InfoPlist.strings */; };
		0680278A19B4BE71007D2297 /* Project_ToDoGeniusTests.m in Sources */ = {isa = PBXBuildFile; fileRef = 0680278919B4BE71007D2297 /* Project_ToDoGeniusTests.m */; };
		0680279619B4BEC9007D2297 /* hr.jpg in Resources */ = {isa = PBXBuildFile; fileRef = 0680279519B4BEC9007D2297 /* hr.jpg */; };
		0680279C19B4E9DA007D2297 /* WGViewController.m in Sources */ = {isa = PBXBuildFile; fileRef = 0680279B19B4E9DA007D2297 /* WGViewController.m */; };
		0680279F19B4EF2B007D2297 /* WGView.m in Sources */ = {isa = PBXBuildFile; fileRef = 0680279E19B4EF2B007D2297 /* WGView.m */; };
/* End PBXBuildFile section */

/* Begin PBXContainerItemProxy section */
		0680278119B4BE71007D2297 /* PBXContainerItemProxy */ = {
			isa = PBXContainerItemProxy;
			containerPortal = 0680275319B4BE70007D2297 /* Project object */;
			proxyType = 1;
			remoteGlobalIDString = 0680275A19B4BE71007D2297;
			remoteInfo = "Project-ToDoGenius";
		};
/* End PBXContainerItemProxy section */

/* Begin PBXFileReference section */
		0680275B19B4BE71007D2297 /* Project-ToDoGenius.app */ = {isa = PBXFileReference; explicitFileType = wrapper.application; includeInIndex = 0; path = "Project-ToDoGenius.app"; sourceTree = BUILT_PRODUCTS_DIR; };
		0680275E19B4BE71007D2297 /* Foundation.framework */ = {isa = PBXFileReference; lastKnownFileType = wrapper.framework; name = Foundation.framework; path = System/Library/Frameworks/Foundation.framework; sourceTree = SDKROOT; };
		0680276019B4BE71007D2297 /* CoreGraphics.framework */ = {isa = PBXFileReference; lastKnownFileType = wrapper.framework; name = CoreGraphics.framework; path = System/Library/Frameworks/CoreGraphics.framework; sourceTree = SDKROOT; };
		0680276219B4BE71007D2297 /* UIKit.framework */ = {isa = PBXFileReference; lastKnownFileType = wrapper.framework; name = UIKit.framework; path = System/Library/Frameworks/UIKit.framework; sourceTree = SDKROOT; };
		0680276619B4BE71007D2297 /* Project-ToDoGenius-Info.plist */ = {isa = PBXFileReference; lastKnownFileType = text.plist.xml; path = "Project-ToDoGenius-Info.plist"; sourceTree = "<group>"; };
		0680276819B4BE71007D2297 /* en */ = {isa = PBXFileReference; lastKnownFileType = text.plist.strings; name = en; path = en.lproj/InfoPlist.strings; sourceTree = "<group>"; };
		0680276A19B4BE71007D2297 /* main.m */ = {isa = PBXFileReference; lastKnownFileType = sourcecode.c.objc; path = main.m; sourceTree = "<group>"; };
		0680276C19B4BE71007D2297 /* Project-ToDoGenius-Prefix.pch */ = {isa = PBXFileReference; lastKnownFileType = sourcecode.c.h; path = "Project-ToDoGenius-Prefix.pch"; sourceTree = "<group>"; };
		0680276D19B4BE71007D2297 /* AppDelegate.h */ = {isa = PBXFileReference; lastKnownFileType = sourcecode.c.h; path = AppDelegate.h; sourceTree = "<group>"; };
		0680276E19B4BE71007D2297 /* AppDelegate.m */ = {isa = PBXFileReference; lastKnownFileType = sourcecode.c.objc; path = AppDelegate.m; sourceTree = "<group>"; };
		0680277119B4BE71007D2297 /* Base */ = {isa = PBXFileReference; lastKnownFileType = file.storyboard; name = Base; path = Base.lproj/Main.storyboard; sourceTree = "<group>"; };
		0680277319B4BE71007D2297 /* ViewController.h */ = {isa = PBXFileReference; lastKnownFileType = sourcecode.c.h; path = ViewController.h; sourceTree = "<group>"; };
		0680277419B4BE71007D2297 /* ViewController.m */ = {isa = PBXFileReference; lastKnownFileType = sourcecode.c.objc; path = ViewController.m; sourceTree = "<group>"; };
		0680277619B4BE71007D2297 /* Images.xcassets */ = {isa = PBXFileReference; lastKnownFileType = folder.assetcatalog; path = Images.xcassets; sourceTree = "<group>"; };
		0680277C19B4BE71007D2297 /* Project-ToDoGeniusTests.xctest */ = {isa = PBXFileReference; explicitFileType = wrapper.cfbundle; includeInIndex = 0; path = "Project-ToDoGeniusTests.xctest"; sourceTree = BUILT_PRODUCTS_DIR; };
		0680277D19B4BE71007D2297 /* XCTest.framework */ = {isa = PBXFileReference; lastKnownFileType = wrapper.framework; name = XCTest.framework; path = Library/Frameworks/XCTest.framework; sourceTree = DEVELOPER_DIR; };
		0680278519B4BE71007D2297 /* Project-ToDoGeniusTests-Info.plist */ = {isa = PBXFileReference; lastKnownFileType = text.plist.xml; path = "Project-ToDoGeniusTests-Info.plist"; sourceTree = "<group>"; };
		0680278719B4BE71007D2297 /* en */ = {isa = PBXFileReference; lastKnownFileType = text.plist.strings; name = en; path = en.lproj/InfoPlist.strings; sourceTree = "<group>"; };
		0680278919B4BE71007D2297 /* Project_ToDoGeniusTests.m */ = {isa = PBXFileReference; lastKnownFileType = sourcecode.c.objc; path = Project_ToDoGeniusTests.m; sourceTree = "<group>"; };
		0680279519B4BEC9007D2297 /* hr.jpg */ = {isa = PBXFileReference; lastKnownFileType = image.jpeg; path = hr.jpg; sourceTree = "<group>"; };
		0680279A19B4E9DA007D2297 /* WGViewController.h */ = {isa = PBXFileReference; fileEncoding = 4; lastKnownFileType = sourcecode.c.h; path = WGViewController.h; sourceTree = "<group>"; };
		0680279B19B4E9DA007D2297 /* WGViewController.m */ = {isa = PBXFileReference; fileEncoding = 4; lastKnownFileType = sourcecode.c.objc; path = WGViewController.m; sourceTree = "<group>"; };
		0680279D19B4EF2B007D2297 /* WGView.h */ = {isa = PBXFileReference; fileEncoding = 4; lastKnownFileType = sourcecode.c.h; path = WGView.h; sourceTree = "<group>"; };
		0680279E19B4EF2B007D2297 /* WGView.m */ = {isa = PBXFileReference; fileEncoding = 4; lastKnownFileType = sourcecode.c.objc; path = WGView.m; sourceTree = "<group>"; };
/* End PBXFileReference section */

/* Begin PBXFrameworksBuildPhase section */
		0680275819B4BE71007D2297 /* Frameworks */ = {
			isa = PBXFrameworksBuildPhase;
			buildActionMask = 2147483647;
			files = (
				0680276119B4BE71007D2297 /* CoreGraphics.framework in Frameworks */,
				0680276319B4BE71007D2297 /* UIKit.framework in Frameworks */,
				0680275F19B4BE71007D2297 /* Foundation.framework in Frameworks */,
			);
			runOnlyForDeploymentPostprocessing = 0;
		};
		0680277919B4BE71007D2297 /* Frameworks */ = {
			isa = PBXFrameworksBuildPhase;
			buildActionMask = 2147483647;
			files = (
				0680277E19B4BE71007D2297 /* XCTest.framework in Frameworks */,
				0680278019B4BE71007D2297 /* UIKit.framework in Frameworks */,
				0680277F19B4BE71007D2297 /* Foundation.framework in Frameworks */,
			);
			runOnlyForDeploymentPostprocessing = 0;
		};
/* End PBXFrameworksBuildPhase section */

/* Begin PBXGroup section */
		0680275219B4BE70007D2297 = {
			isa = PBXGroup;
			children = (
				0680276419B4BE71007D2297 /* Project-ToDoGenius */,
				0680278319B4BE71007D2297 /* Project-ToDoGeniusTests */,
				0680275D19B4BE71007D2297 /* Frameworks */,
				0680275C19B4BE71007D2297 /* Products */,
			);
			sourceTree = "<group>";
		};
		0680275C19B4BE71007D2297 /* Products */ = {
			isa = PBXGroup;
			children = (
				0680275B19B4BE71007D2297 /* Project-ToDoGenius.app */,
				0680277C19B4BE71007D2297 /* Project-ToDoGeniusTests.xctest */,
			);
			name = Products;
			sourceTree = "<group>";
		};
		0680275D19B4BE71007D2297 /* Frameworks */ = {
			isa = PBXGroup;
			children = (
				0680275E19B4BE71007D2297 /* Foundation.framework */,
				0680276019B4BE71007D2297 /* CoreGraphics.framework */,
				0680276219B4BE71007D2297 /* UIKit.framework */,
				0680277D19B4BE71007D2297 /* XCTest.framework */,
			);
			name = Frameworks;
			sourceTree = "<group>";
		};
		0680276419B4BE71007D2297 /* Project-ToDoGenius */ = {
			isa = PBXGroup;
			children = (
				0680279919B4E9BE007D2297 /* View */,
				0680279519B4BEC9007D2297 /* hr.jpg */,
				0680276D19B4BE71007D2297 /* AppDelegate.h */,
				0680276E19B4BE71007D2297 /* AppDelegate.m */,
				0680277019B4BE71007D2297 /* Main.storyboard */,
				0680277319B4BE71007D2297 /* ViewController.h */,
				0680277419B4BE71007D2297 /* ViewController.m */,
				0680277619B4BE71007D2297 /* Images.xcassets */,
				0680276519B4BE71007D2297 /* Supporting Files */,
			);
			path = "Project-ToDoGenius";
			sourceTree = "<group>";
		};
		0680276519B4BE71007D2297 /* Supporting Files */ = {
			isa = PBXGroup;
			children = (
				0680276619B4BE71007D2297 /* Project-ToDoGenius-Info.plist */,
				0680276719B4BE71007D2297 /* InfoPlist.strings */,
				0680276A19B4BE71007D2297 /* main.m */,
				0680276C19B4BE71007D2297 /* Project-ToDoGenius-Prefix.pch */,
			);
			name = "Supporting Files";
			sourceTree = "<group>";
		};
		0680278319B4BE71007D2297 /* Project-ToDoGeniusTests */ = {
			isa = PBXGroup;
			children = (
				0680278919B4BE71007D2297 /* Project_ToDoGeniusTests.m */,
				0680278419B4BE71007D2297 /* Supporting Files */,
			);
			path = "Project-ToDoGeniusTests";
			sourceTree = "<group>";
		};
		0680278419B4BE71007D2297 /* Supporting Files */ = {
			isa = PBXGroup;
			children = (
				0680278519B4BE71007D2297 /* Project-ToDoGeniusTests-Info.plist */,
				0680278619B4BE71007D2297 /* InfoPlist.strings */,
			);
			name = "Supporting Files";
			sourceTree = "<group>";
		};
		0680279919B4E9BE007D2297 /* View */ = {
			isa = PBXGroup;
			children = (
				0680279A19B4E9DA007D2297 /* WGViewController.h */,
				0680279B19B4E9DA007D2297 /* WGViewController.m */,
				0680279D19B4EF2B007D2297 /* WGView.h */,
				0680279E19B4EF2B007D2297 /* WGView.m */,
			);
			name = View;
			sourceTree = "<group>";
		};
/* End PBXGroup section */

/* Begin PBXNativeTarget section */
		0680275A19B4BE71007D2297 /* Project-ToDoGenius */ = {
			isa = PBXNativeTarget;
			buildConfigurationList = 0680278D19B4BE71007D2297 /* Build configuration list for PBXNativeTarget "Project-ToDoGenius" */;
			buildPhases = (
				0680275719B4BE71007D2297 /* Sources */,
				0680275819B4BE71007D2297 /* Frameworks */,
				0680275919B4BE71007D2297 /* Resources */,
			);
			buildRules = (
			);
			dependencies = (
			);
			name = "Project-ToDoGenius";
			productName = "Project-ToDoGenius";
			productReference = 0680275B19B4BE71007D2297 /* Project-ToDoGenius.app */;
			productType = "com.apple.product-type.application";
		};
		0680277B19B4BE71007D2297 /* Project-ToDoGeniusTests */ = {
			isa = PBXNativeTarget;
			buildConfigurationList = 0680279019B4BE71007D2297 /* Build configuration list for PBXNativeTarget "Project-ToDoGeniusTests" */;
			buildPhases = (
				0680277819B4BE71007D2297 /* Sources */,
				0680277919B4BE71007D2297 /* Frameworks */,
				0680277A19B4BE71007D2297 /* Resources */,
			);
			buildRules = (
			);
			dependencies = (
				0680278219B4BE71007D2297 /* PBXTargetDependency */,
			);
			name = "Project-ToDoGeniusTests";
			productName = "Project-ToDoGeniusTests";
			productReference = 0680277C19B4BE71007D2297 /* Project-ToDoGeniusTests.xctest */;
			productType = "com.apple.product-type.bundle.unit-test";
		};
/* End PBXNativeTarget section */

/* Begin PBXProject section */
		0680275319B4BE70007D2297 /* Project object */ = {
			isa = PBXProject;
			attributes = {
				LastUpgradeCheck = 0510;
				ORGANIZATIONNAME = WooGenius;
				TargetAttributes = {
					0680277B19B4BE71007D2297 = {
						TestTargetID = 0680275A19B4BE71007D2297;
					};
				};
			};
			buildConfigurationList = 0680275619B4BE70007D2297 /* Build configuration list for PBXProject "Project-ToDoGenius" */;
			compatibilityVersion = "Xcode 3.2";
			developmentRegion = English;
			hasScannedForEncodings = 0;
			knownRegions = (
				en,
				Base,
			);
			mainGroup = 0680275219B4BE70007D2297;
			productRefGroup = 0680275C19B4BE71007D2297 /* Products */;
			projectDirPath = "";
			projectRoot = "";
			targets = (
				0680275A19B4BE71007D2297 /* Project-ToDoGenius */,
				0680277B19B4BE71007D2297 /* Project-ToDoGeniusTests */,
			);
		};
/* End PBXProject section */

/* Begin PBXResourcesBuildPhase section */
		0680275919B4BE71007D2297 /* Resources */ = {
			isa = PBXResourcesBuildPhase;
			buildActionMask = 2147483647;
			files = (
				0680277719B4BE71007D2297 /* Images.xcassets in Resources */,
				0680276919B4BE71007D2297 /* InfoPlist.strings in Resources */,
				0680277219B4BE71007D2297 /* Main.storyboard in Resources */,
				0680279619B4BEC9007D2297 /* hr.jpg in Resources */,
			);
			runOnlyForDeploymentPostprocessing = 0;
		};
		0680277A19B4BE71007D2297 /* Resources */ = {
			isa = PBXResourcesBuildPhase;
			buildActionMask = 2147483647;
			files = (
				0680278819B4BE71007D2297 /* InfoPlist.strings in Resources */,
			);
			runOnlyForDeploymentPostprocessing = 0;
		};
/* End PBXResourcesBuildPhase section */

/* Begin PBXSourcesBuildPhase section */
		0680275719B4BE71007D2297 /* Sources */ = {
			isa = PBXSourcesBuildPhase;
			buildActionMask = 2147483647;
			files = (
				0680277519B4BE71007D2297 /* ViewController.m in Sources */,
				0680276F19B4BE71007D2297 /* AppDelegate.m in Sources */,
				0680279C19B4E9DA007D2297 /* WGViewController.m in Sources */,
				0680276B19B4BE71007D2297 /* main.m in Sources */,
				0680279F19B4EF2B007D2297 /* WGView.m in Sources */,
			);
			runOnlyForDeploymentPostprocessing = 0;
		};
		0680277819B4BE71007D2297 /* Sources */ = {
			isa = PBXSourcesBuildPhase;
			buildActionMask = 2147483647;
			files = (
				0680278A19B4BE71007D2297 /* Project_ToDoGeniusTests.m in Sources */,
			);
			runOnlyForDeploymentPostprocessing = 0;
		};
/* End PBXSourcesBuildPhase section */

/* Begin PBXTargetDependency section */
		0680278219B4BE71007D2297 /* PBXTargetDependency */ = {
			isa = PBXTargetDependency;
			target = 0680275A19B4BE71007D2297 /* Project-ToDoGenius */;
			targetProxy = 0680278119B4BE71007D2297 /* PBXContainerItemProxy */;
		};
/* End PBXTargetDependency section */

/* Begin PBXVariantGroup section */
		0680276719B4BE71007D2297 /* InfoPlist.strings */ = {
			isa = PBXVariantGroup;
			children = (
				0680276819B4BE71007D2297 /* en */,
			);
			name = InfoPlist.strings;
			sourceTree = "<group>";
		};
		0680277019B4BE71007D2297 /* Main.storyboard */ = {
			isa = PBXVariantGroup;
			children = (
				0680277119B4BE71007D2297 /* Base */,
			);
			name = Main.storyboard;
			sourceTree = "<group>";
		};
		0680278619B4BE71007D2297 /* InfoPlist.strings */ = {
			isa = PBXVariantGroup;
			children = (
				0680278719B4BE71007D2297 /* en */,
			);
			name = InfoPlist.strings;
			sourceTree = "<group>";
		};
/* End PBXVariantGroup section */

/* Begin XCBuildConfiguration section */
		0680278B19B4BE71007D2297 /* Debug */ = {
			isa = XCBuildConfiguration;
			buildSettings = {
				ALWAYS_SEARCH_USER_PATHS = NO;
				CLANG_CXX_LANGUAGE_STANDARD = "gnu++0x";
				CLANG_CXX_LIBRARY = "libc++";
				CLANG_ENABLE_MODULES = YES;
				CLANG_ENABLE_OBJC_ARC = YES;
				CLANG_WARN_BOOL_CONVERSION = YES;
				CLANG_WARN_CONSTANT_CONVERSION = YES;
				CLANG_WARN_DIRECT_OBJC_ISA_USAGE = YES_ERROR;
				CLANG_WARN_EMPTY_BODY = YES;
				CLANG_WARN_ENUM_CONVERSION = YES;
				CLANG_WARN_INT_CONVERSION = YES;
				CLANG_WARN_OBJC_ROOT_CLASS = YES_ERROR;
				CLANG_WARN__DUPLICATE_METHOD_MATCH = YES;
				"CODE_SIGN_IDENTITY[sdk=iphoneos*]" = "iPhone Developer";
				COPY_PHASE_STRIP = NO;
				GCC_C_LANGUAGE_STANDARD = gnu99;
				GCC_DYNAMIC_NO_PIC = NO;
				GCC_OPTIMIZATION_LEVEL = 0;
				GCC_PREPROCESSOR_DEFINITIONS = (
					"DEBUG=1",
					"$(inherited)",
				);
				GCC_SYMBOLS_PRIVATE_EXTERN = NO;
				GCC_WARN_64_TO_32_BIT_CONVERSION = YES;
				GCC_WARN_ABOUT_RETURN_TYPE = YES_ERROR;
				GCC_WARN_UNDECLARED_SELECTOR = YES;
				GCC_WARN_UNINITIALIZED_AUTOS = YES_AGGRESSIVE;
				GCC_WARN_UNUSED_FUNCTION = YES;
				GCC_WARN_UNUSED_VARIABLE = YES;
				IPHONEOS_DEPLOYMENT_TARGET = 7.1;
				ONLY_ACTIVE_ARCH = YES;
				SDKROOT = iphoneos;
			};
			name = Debug;
		};
		0680278C19B4BE71007D2297 /* Release */ = {
			isa = XCBuildConfiguration;
			buildSettings = {
				ALWAYS_SEARCH_USER_PATHS = NO;
				CLANG_CXX_LANGUAGE_STANDARD = "gnu++0x";
				CLANG_CXX_LIBRARY = "libc++";
				CLANG_ENABLE_MODULES = YES;
				CLANG_ENABLE_OBJC_ARC = YES;
				CLANG_WARN_BOOL_CONVERSION = YES;
				CLANG_WARN_CONSTANT_CONVERSION = YES;
				CLANG_WARN_DIRECT_OBJC_ISA_USAGE = YES_ERROR;
				CLANG_WARN_EMPTY_BODY = YES;
				CLANG_WARN_ENUM_CONVERSION = YES;
				CLANG_WARN_INT_CONVERSION = YES;
				CLANG_WARN_OBJC_ROOT_CLASS = YES_ERROR;
				CLANG_WARN__DUPLICATE_METHOD_MATCH = YES;
				"CODE_SIGN_IDENTITY[sdk=iphoneos*]" = "iPhone Developer";
				COPY_PHASE_STRIP = YES;
				ENABLE_NS_ASSERTIONS = NO;
				GCC_C_LANGUAGE_STANDARD = gnu99;
				GCC_WARN_64_TO_32_BIT_CONVERSION = YES;
				GCC_WARN_ABOUT_RETURN_TYPE = YES_ERROR;
				GCC_WARN_UNDECLARED_SELECTOR = YES;
				GCC_WARN_UNINITIALIZED_AUTOS = YES_AGGRESSIVE;
				GCC_WARN_UNUSED_FUNCTION = YES;
				GCC_WARN_UNUSED_VARIABLE = YES;
				IPHONEOS_DEPLOYMENT_TARGET = 7.1;
				SDKROOT = iphoneos;
				VALIDATE_PRODUCT = YES;
			};
			name = Release;
		};
		0680278E19B4BE71007D2297 /* Debug */ = {
			isa = XCBuildConfiguration;
			buildSettings = {
				ASSETCATALOG_COMPILER_APPICON_NAME = AppIcon;
				ASSETCATALOG_COMPILER_LAUNCHIMAGE_NAME = LaunchImage;
				GCC_PRECOMPILE_PREFIX_HEADER = YES;
				GCC_PREFIX_HEADER = "Project-ToDoGenius/Project-ToDoGenius-Prefix.pch";
				INFOPLIST_FILE = "Project-ToDoGenius/Project-ToDoGenius-Info.plist";
				PRODUCT_NAME = "$(TARGET_NAME)";
				WRAPPER_EXTENSION = app;
			};
			name = Debug;
		};
		0680278F19B4BE71007D2297 /* Release */ = {
			isa = XCBuildConfiguration;
			buildSettings = {
				ASSETCATALOG_COMPILER_APPICON_NAME = AppIcon;
				ASSETCATALOG_COMPILER_LAUNCHIMAGE_NAME = LaunchImage;
				GCC_PRECOMPILE_PREFIX_HEADER = YES;
				GCC_PREFIX_HEADER = "Project-ToDoGenius/Project-ToDoGenius-Prefix.pch";
				INFOPLIST_FILE = "Project-ToDoGenius/Project-ToDoGenius-Info.plist";
				PRODUCT_NAME = "$(TARGET_NAME)";
				WRAPPER_EXTENSION = app;
			};
			name = Release;
		};
		0680279119B4BE71007D2297 /* Debug */ = {
			isa = XCBuildConfiguration;
			buildSettings = {
				BUNDLE_LOADER = "$(BUILT_PRODUCTS_DIR)/Project-ToDoGenius.app/Project-ToDoGenius";
				FRAMEWORK_SEARCH_PATHS = (
					"$(SDKROOT)/Developer/Library/Frameworks",
					"$(inherited)",
					"$(DEVELOPER_FRAMEWORKS_DIR)",
				);
				GCC_PRECOMPILE_PREFIX_HEADER = YES;
				GCC_PREFIX_HEADER = "Project-ToDoGenius/Project-ToDoGenius-Prefix.pch";
				GCC_PREPROCESSOR_DEFINITIONS = (
					"DEBUG=1",
					"$(inherited)",
				);
				INFOPLIST_FILE = "Project-ToDoGeniusTests/Project-ToDoGeniusTests-Info.plist";
				PRODUCT_NAME = "$(TARGET_NAME)";
				TEST_HOST = "$(BUNDLE_LOADER)";
				WRAPPER_EXTENSION = xctest;
			};
			name = Debug;
		};
		0680279219B4BE71007D2297 /* Release */ = {
			isa = XCBuildConfiguration;
			buildSettings = {
				BUNDLE_LOADER = "$(BUILT_PRODUCTS_DIR)/Project-ToDoGenius.app/Project-ToDoGenius";
				FRAMEWORK_SEARCH_PATHS = (
					"$(SDKROOT)/Developer/Library/Frameworks",
					"$(inherited)",
					"$(DEVELOPER_FRAMEWORKS_DIR)",
				);
				GCC_PRECOMPILE_PREFIX_HEADER = YES;
				GCC_PREFIX_HEADER = "Project-ToDoGenius/Project-ToDoGenius-Prefix.pch";
				INFOPLIST_FILE = "Project-ToDoGeniusTests/Project-ToDoGeniusTests-Info.plist";
				PRODUCT_NAME = "$(TARGET_NAME)";
				TEST_HOST = "$(BUNDLE_LOADER)";
				WRAPPER_EXTENSION = xctest;
			};
			name = Release;
		};
/* End XCBuildConfiguration section */

/* Begin XCConfigurationList section */
		0680275619B4BE70007D2297 /* Build configuration list for PBXProject "Project-ToDoGenius" */ = {
			isa = XCConfigurationList;
			buildConfigurations = (
				0680278B19B4BE71007D2297 /* Debug */,
				0680278C19B4BE71007D2297 /* Release */,
			);
			defaultConfigurationIsVisible = 0;
			defaultConfigurationName = Release;
		};
		0680278D19B4BE71007D2297 /* Build configuration list for PBXNativeTarget "Project-ToDoGenius" */ = {
			isa = XCConfigurationList;
			buildConfigurations = (
				0680278E19B4BE71007D2297 /* Debug */,
				0680278F19B4BE71007D2297 /* Release */,
			);
			defaultConfigurationIsVisible = 0;
		};
		0680279019B4BE71007D2297 /* Build configuration list for PBXNativeTarget "Project-ToDoGeniusTests" */ = {
			isa = XCConfigurationList;
			buildConfigurations = (
				0680279119B4BE71007D2297 /* Debug */,
				0680279219B4BE71007D2297 /* Release */,
			);
			defaultConfigurationIsVisible = 0;
		};
/* End XCConfigurationList section */
	};
	rootObject = 0680275319B4BE70007D2297 /* Project object */;
}
